
Microsoft Visual Studio Solution File, Format Version 11.00
# Visual Studio 2010
Project("{FAE04EC0-301F-11D3-BF4B-00C04F79EFBC}") = "BowlingGameTest", "BowlingGameTest\BowlingGameTest.csproj", "{877CC867-B7CB-428F-90AC-A6A1F22BB22C}"
EndProject
Project("{2150E333-8FDC-42A3-9474-1A3956D46DE8}") = "Solution Items", "Solution Items", "{72E37414-6E8B-4E72-9B3E-BCE0DFBAE212}"
	ProjectSection(SolutionItems) = preProject
		BowlingGameTest.vsmdi = BowlingGameTest.vsmdi
		Local.testsettings = Local.testsettings
		TraceAndTestImpact.testsettings = TraceAndTestImpact.testsettings
	EndProjectSection
EndProject
Global
	GlobalSection(TestCaseManagementSettings) = postSolution
		CategoryFile = BowlingGameTest.vsmdi
	EndGlobalSection
	GlobalSection(SolutionConfigurationPlatforms) = preSolution
		Debug|Any CPU = Debug|Any CPU
		Release|Any CPU = Release|Any CPU
	EndGlobalSection
	GlobalSection(ProjectConfigurationPlatforms) = postSolution
		{877CC867-B7CB-428F-90AC-A6A1F22BB22C}.Debug|Any CPU.ActiveCfg = Debug|Any CPU
		{877CC867-B7CB-428F-90AC-A6A1F22BB22C}.Debug|Any CPU.Build.0 = Debug|Any CPU
		{877CC867-B7CB-428F-90AC-A6A1F22BB22C}.Release|Any CPU.ActiveCfg = Release|Any CPU
		{877CC867-B7CB-428F-90AC-A6A1F22BB22C}.Release|Any CPU.Build.0 = Release|Any CPU
	EndGlobalSection
	GlobalSection(SolutionProperties) = preSolution
		HideSolutionNode = FALSE
	EndGlobalSection
EndGlobal
